
Microsoft Visual Studio Solution File, Format Version 12.00
Project("{FAE04EC0-301F-11D3-BF4B-00C04F79EFBC}") = "Lesson7", "Lesson7\Lesson7.csproj", "{FAC5C259-CAF1-41D0-9227-8DCB01354EB0}"
EndProject
Global
	GlobalSection(SolutionConfigurationPlatforms) = preSolution
		Debug|Any CPU = Debug|Any CPU
		Release|Any CPU = Release|Any CPU
	EndGlobalSection
	GlobalSection(ProjectConfigurationPlatforms) = postSolution
		{FAC5C259-CAF1-41D0-9227-8DCB01354EB0}.Debug|Any CPU.ActiveCfg = Debug|Any CPU
		{FAC5C259-CAF1-41D0-9227-8DCB01354EB0}.Debug|Any CPU.Build.0 = Debug|Any CPU
		{FAC5C259-CAF1-41D0-9227-8DCB01354EB0}.Release|Any CPU.ActiveCfg = Release|Any CPU
		{FAC5C259-CAF1-41D0-9227-8DCB01354EB0}.Release|Any CPU.Build.0 = Release|Any CPU
	EndGlobalSection
EndGlobal
